github.com/bytedance/sonic v1.12.6 h1:/isB5x8xR2rR1h0KX3L2/3bO4wJ3t4x0f4C1b1y4Y4=
github.com/bytedance/sonic/loader v0.2.1 h1:7KxR2tRqy8mQvDqI8E9o5E8vibW8q1p0WTfL0y5N8I=
github.com/cloudwego/base64x v0.1.4 h1:JlZ8h9rL5m6+3vO0t8u5sA7yX9yO/2u2w9Xh4Y7vE4=
github.com/cloudwego/iasm v0.2.0 h1:1KX4xJIdgN1m7w7G6e2fZf0s9a2bS2sOQ6vW6s4I5k=
github.com/davecgh/go-spew v1.1.1 h1:vj9j/u1bqnvCEfJOwUhtlOARqs3r4r4D3l4bB3B4k0=
github.com/gabriel-vasile/mimetype v1.4.3 h1:in2uUcidCuFcDKtdcBxlR0rJ1+fsokWf+uqxgUFjbI=
github.com/gin-contrib/sse v0.1.0 h1:Y/yl/+YNO8GZSjAhfKXZY7uOc4zDqTs4s5tE6a7p2w=
github.com/gin-gonic/gin v1.10.0 h1:4Qf+1z4rL/7mG5K0V1F6sU2sJq7uF9xF7r4Xh8o9M4=
github.com/go-playground/locales v0.14.1 h1:GWtQ0z5e1C6xX9jQfYx3b2a8gL1o0zX6yJ2S2jQvJ0=
github.com/go-playground/universal-translator v0.18.1 h1:82uyg3w6V+1P5vQ5Y4Q7t4m8c2c5t6XzQj7I0h9j4Y=
github.com/go-playground/validator/v10 v10.22.1 h1:2e2nE4v9kK2t4Z6u5A3vqu+5Q0/2nW0vHap/M3gD1c=
github.com/goccy/go-json v0.10.3 h1:1WvY2Qd8f8u+3D8w3Pq5N5n3X0C7W1M3g1w4p4fL5c=
github.com/google/uuid v1.6.0 h1:NIvaJDMOsjHA8n1jAhLSgzrAzy1Hgr+hNrb57e+94F0=
github.com/json-iterator/go v1.1.12 h1:PV5zN5hP3pOQdY6XbW8uX+9zB2vM4vW1sZq0t4g2J0=
github.com/klauspost/cpuid/v2 v2.2.9 h1:66j2f5sK3m1Y4B+0k6fL2t6m8GfKk8rZ9h2o1zJ5sM=
github.com/leodido/go-urn v1.4.0 h1:WT9p/4c8z8d/2v5F0wF0uB8A7q9+9C7w8tR3gXwK0I=
github.com/mattn/go-isatty v0.0.20 h1:xfD0iDuEKnDkl03q4limB+vH+GxLEtL/jb4xVJSWWE=
github.com/modern-go/concurrent v0.0.0-20180306012644-bacd9c7ef1dd h1:TRLaZ9cD/w8PVh93nsPXa1VrQ6jlwL5oN8l14QlcN8=
github.com/modern-go/reflect2 v1.0.2 h1:xBagoLtFs94CBntxluKeaWgTMpv1y4QfC9j2r7dK3Y=
github.com/pmezard/go-difflib v1.1.1 h1:7f4f3b8V8m5tM9pR8j6zB0W6U4s2N2XhXJ3hW3k4O0=
github.com/stretchr/testify v1.9.0 h1:HtqpIVDClZ4nwg75+f6Lvsy/wHu+3BoSGCbBAcpTs=
github.com/twitchyliquid64/golang-asm v0.15.1 h1:SU5vSMR7hnwQ8jOma7i3lL4X+6T1tR1iU8q6bN+5c4=
github.com/ugorji/go/codec v1.2.12 h1:9lRbC1kV2v2s9yQ2f2v4q4f7v5f2f0f0f0f0f0f0f0=
go.opentelemetry.io/contrib/instrumentation/github.com/gin-gonic/gin/otelgin v0.57.0 h1:9g4f5m4f5+2y9v5Q8z4f6r7n9n9v5z5z5z5z5z5z5=
go.opentelemetry.io/otel v1.32.0 h1:1Y8z5b5n5z5z5z5z5z5z5z5z5z5z5z5z5z5z5z5z5=
go.opentelemetry.io/otel/exporters/otlp/otlptrace/otlptracegrpc v1.32.0 h1:1Y8z5b5n5z5z5z5z5z5z5z5z5z5z5z5z5z5z5z5z5=
go.opentelemetry.io/otel/sdk v1.32.0 h1:1Y8z5b5n5z5z5z5z5z5z5z5z5z5z5z5z5z5z5z5z5=
go.opentelemetry.io/otel/trace v1.32.0 h1:1Y8z5b5n5z5z5z5z5z5z5z5z5z5z5z5z5z5z5z5z5=
golang.org/x/net v0.34.0 h1:1Y8z5b5n5z5z5z5z5z5z5z5z5z5z5z5z5z5z5z5z5=
golang.org/x/sys v0.29.0 h1:1Y8z5b5n5z5z5z5z5z5z5z5z5z5z5z5z5z5z5z5z5=
golang.org/x/text v0.21.0 h1:1Y8z5b5n5z5z5z5z5z5z5z5z5z5z5z5z5z5z5z5z5=
google.golang.org/genproto/googleapis/api v0.0.0-20250106144421-5f5ef82da422 h1:1Y8z5b5n5z5z5z5z5z5z5z5z5z5z5z5z5z5z5z5z5=
google.golang.org/genproto/googleapis/rpc v0.0.0-20250115164207-1a7da9e5054f h1:1Y8z5b5n5z5z5z5z5z5z5z5z5z5z5z5z5z5z5z5z5=
google.golang.org/grpc v1.69.2 h1:1Y8z5b5n5z5z5z5z5z5z5z5z5z5z5z5z5z5z5z5z5=
google.golang.org/protobuf v1.36.3 h1:1Y8z5b5n5z5z5z5z5z5z5z5z5z5z5z5z5z5z5z5z5=
golang.org/x/time v0.9.0 h1:1Y8z5b5n5z5z5z5z5z5z5z5z5z5z5z5z5z5z5z5z5=
